
Microsoft Visual Studio Solution File, Format Version 12.00
# Visual Studio Version 16
VisualStudioVersion = 16.0.28803.202
MinimumVisualStudioVersion = 15.0.26124.0
Project("{9A19103F-16F7-4668-BE54-9A1E7A4F7556}") = "Kitchen.Api", "Kitchen.Api\Kitchen.Api.csproj", "{B7CAE25D-9C8E-4685-982A-D49BC9765B67}"
EndProject
Project("{9A19103F-16F7-4668-BE54-9A1E7A4F7556}") = "Kitchen.Test", "Kitchen.Test\Kitchen.Test.csproj", "{9141C77F-C071-40DA-8B30-F3D488A733C7}"
EndProject
Global
	GlobalSection(SolutionConfigurationPlatforms) = preSolution
		Debug|Any CPU = Debug|Any CPU
		Release|Any CPU = Release|Any CPU
	EndGlobalSection
	GlobalSection(ProjectConfigurationPlatforms) = postSolution
		{B7CAE25D-9C8E-4685-982A-D49BC9765B67}.Debug|Any CPU.ActiveCfg = Debug|Any CPU
		{B7CAE25D-9C8E-4685-982A-D49BC9765B67}.Debug|Any CPU.Build.0 = Debug|Any CPU
		{B7CAE25D-9C8E-4685-982A-D49BC9765B67}.Release|Any CPU.ActiveCfg = Release|Any CPU
		{B7CAE25D-9C8E-4685-982A-D49BC9765B67}.Release|Any CPU.Build.0 = Release|Any CPU
		{9141C77F-C071-40DA-8B30-F3D488A733C7}.Debug|Any CPU.ActiveCfg = Debug|Any CPU
		{9141C77F-C071-40DA-8B30-F3D488A733C7}.Debug|Any CPU.Build.0 = Debug|Any CPU
		{9141C77F-C071-40DA-8B30-F3D488A733C7}.Release|Any CPU.ActiveCfg = Release|Any CPU
		{9141C77F-C071-40DA-8B30-F3D488A733C7}.Release|Any CPU.Build.0 = Release|Any CPU
	EndGlobalSection
	GlobalSection(SolutionProperties) = preSolution
		HideSolutionNode = FALSE
	EndGlobalSection
	GlobalSection(ExtensibilityGlobals) = postSolution
		SolutionGuid = {C0E7A4E5-2111-4BEE-A2C4-A969CD384973}
	EndGlobalSection
EndGlobal
